
Microsoft Visual Studio Solution File, Format Version 11.00
# Visual Studio 2010
Project("{6989167D-11E4-40FE-8C1A-2192A86A7E90}") = "Intel", "Intel.vfproj", "{09E64837-1FCA-4F68-8E7D-6013ACD6D0F4}"
EndProject
Global
	GlobalSection(SolutionConfigurationPlatforms) = preSolution
		Debug|Win32 = Debug|Win32
		Release|Win32 = Release|Win32
	EndGlobalSection
	GlobalSection(ProjectConfigurationPlatforms) = postSolution
		{09E64837-1FCA-4F68-8E7D-6013ACD6D0F4}.Debug|Win32.ActiveCfg = Debug|Win32
		{09E64837-1FCA-4F68-8E7D-6013ACD6D0F4}.Debug|Win32.Build.0 = Debug|Win32
		{09E64837-1FCA-4F68-8E7D-6013ACD6D0F4}.Release|Win32.ActiveCfg = Release|Win32
		{09E64837-1FCA-4F68-8E7D-6013ACD6D0F4}.Release|Win32.Build.0 = Release|Win32
	EndGlobalSection
	GlobalSection(SolutionProperties) = preSolution
		HideSolutionNode = FALSE
	EndGlobalSection
EndGlobal
